<?xml version="1.0" encoding="utf-8"?>
<Project ToolsVersion="4.0" xmlns="http://schemas.microsoft.com/developer/msbuild/2003">
  <ItemGroup>
    <Filter Include="소스 파일">
      <UniqueIdentifier>{4FC737F1-C7A5-4376-A066-2A32D752A2FF}</UniqueIdentifier>
      <Extensions>cpp;c;cc;cxx;c++;cppm;ixx;def;odl;idl;hpj;bat;asm;asmx</Extensions>
    </Filter>
    <Filter Include="헤더 파일">
      <UniqueIdentifier>{93995380-89BD-4b04-88EB-625FBE52EBFB}</UniqueIdentifier>
      <Extensions>h;hh;hpp;hxx;h++;hm;inl;inc;ipp;xsd</Extensions>
    </Filter>
    <Filter Include="리소스 파일">
      <UniqueIdentifier>{67DA6AB6-F800-4c08-8B7A-83BB121AAD01}</UniqueIdentifier>
      <Extensions>rc;ico;cur;bmp;dlg;rc2;rct;bin;rgs;gif;jpg;jpeg;jpe;resx;tiff;tif;png;wav;mfcribbon-ms</Extensions>
    </Filter>
    <Filter Include="헤더 파일\Include">
      <UniqueIdentifier>{8fdba41f-bb10-4ab5-9fdb-49c5e09e8a4e}</UniqueIdentifier>
    </Filter>
    <Filter Include="소스 파일\Test">
      <UniqueIdentifier>{672c4792-284d-4a7c-90b3-79b15a87be6b}</UniqueIdentifier>
    </Filter>
    <Filter Include="소스 파일\01.Modes">
      <UniqueIdentifier>{9c1c59ea-eaac-4e7c-8b37-51e5229f28d5}</UniqueIdentifier>
    </Filter>
    <Filter Include="소스 파일\01.Modes\Setting">
      <UniqueIdentifier>{56b0f458-a7f6-4ca6-b550-e897cc00da11}</UniqueIdentifier>
    </Filter>
    <Filter Include="헤더 파일\Include\Global">
      <UniqueIdentifier>{931fb0c5-03ab-4aed-9c04-2d7bdd670718}</UniqueIdentifier>
    </Filter>
    <Filter Include="소스 파일\01.Modes\Play">
      <UniqueIdentifier>{94e0eb93-6c91-4a87-9664-f1a272829310}</UniqueIdentifier>
    </Filter>
    <Filter Include="소스 파일\01.Modes\Play\Page">
      <UniqueIdentifier>{5d5b6722-be0c-496e-aa66-88c309c759ad}</UniqueIdentifier>
    </Filter>
    <Filter Include="소스 파일\Tools">
      <UniqueIdentifier>{bad92f47-8aca-4aa7-9a99-32d8969e2c34}</UniqueIdentifier>
    </Filter>
    <Filter Include="소스 파일\Tools\TapDraw">
      <UniqueIdentifier>{9cc94cda-1562-4ce7-9d35-6ad1b1057768}</UniqueIdentifier>
    </Filter>
    <Filter Include="소스 파일\Tools\TapInput">
      <UniqueIdentifier>{b2d05015-490b-4724-9ce1-cc4bb6bc98a8}</UniqueIdentifier>
    </Filter>
  </ItemGroup>
  <ItemGroup>
    <ClCompile Include="main.c">
      <Filter>소스 파일</Filter>
    </ClCompile>
    <ClCompile Include="TapInput.c">
      <Filter>소스 파일\Tools\TapInput</Filter>
    </ClCompile>
    <ClCompile Include="Test.c">
      <Filter>소스 파일\Test</Filter>
    </ClCompile>
    <ClCompile Include="Setting.c">
      <Filter>소스 파일\01.Modes\Setting</Filter>
    </ClCompile>
    <ClCompile Include="Play.c">
      <Filter>소스 파일\01.Modes\Play</Filter>
    </ClCompile>
    <ClCompile Include="Page.c">
      <Filter>소스 파일\01.Modes\Play\Page</Filter>
    </ClCompile>
    <ClCompile Include="TapDraw.c">
      <Filter>소스 파일\Tools\TapDraw</Filter>
    </ClCompile>
  </ItemGroup>
  <ItemGroup>
    <ClInclude Include="TapInput.h">
      <Filter>소스 파일\Tools\TapInput</Filter>
    </ClInclude>
    <ClInclude Include="Test.h">
      <Filter>소스 파일\Test</Filter>
    </ClInclude>
    <ClInclude Include="Define.h">
      <Filter>헤더 파일\Include</Filter>
    </ClInclude>
    <ClInclude Include="Include.h">
      <Filter>헤더 파일\Include</Filter>
    </ClInclude>
    <ClInclude Include="Setting.h">
      <Filter>소스 파일\01.Modes\Setting</Filter>
    </ClInclude>
    <ClInclude Include="Play.h">
      <Filter>소스 파일\01.Modes\Play</Filter>
    </ClInclude>
    <ClInclude Include="Page.h">
      <Filter>소스 파일\01.Modes\Play\Page</Filter>
    </ClInclude>
    <ClInclude Include="TapDraw.h">
      <Filter>소스 파일\Tools\TapDraw</Filter>
    </ClInclude>
    <ClInclude Include="Global.h">
      <Filter>헤더 파일\Include\Global</Filter>
    </ClInclude>
    <ClInclude Include="main.h">
      <Filter>소스 파일</Filter>
    </ClInclude>
    <ClInclude Include="AccessLevel1.h">
      <Filter>헤더 파일\Include\Global</Filter>
    </ClInclude>
  </ItemGroup>
  <ItemGroup>
    <Text Include="..\..\구상.txt">
      <Filter>리소스 파일</Filter>
    </Text>
  </ItemGroup>
</Project>